// !$*UTF8*$!
{
	archiveVersion = 1;
	classes = {
	};
	objectVersion = 56;
	objects = {

/* Begin PBXBuildFile section */
		FC3339BE29DE574F000C6C95 /* InputCharacterDetailsView.swift in Sources */ = {isa = PBXBuildFile; fileRef = FC3339BD29DE574F000C6C95 /* InputCharacterDetailsView.swift */; };
		FC3339C029DEBA2A000C6C95 /* Naration.swift in Sources */ = {isa = PBXBuildFile; fileRef = FC3339BF29DEBA2A000C6C95 /* Naration.swift */; };
		FC3339C629E2B96D000C6C95 /* GameViewTwo_Monologue.swift in Sources */ = {isa = PBXBuildFile; fileRef = FC3339C529E2B96D000C6C95 /* GameViewTwo_Monologue.swift */; };
		FC3339C829E2B982000C6C95 /* NarationTwo_Monologue.swift in Sources */ = {isa = PBXBuildFile; fileRef = FC3339C729E2B982000C6C95 /* NarationTwo_Monologue.swift */; };
		FC3339CC29E2C886000C6C95 /* NarationThree.swift in Sources */ = {isa = PBXBuildFile; fileRef = FC3339CB29E2C886000C6C95 /* NarationThree.swift */; };
		FC3339CE29E2C8F2000C6C95 /* NarationThreeView.swift in Sources */ = {isa = PBXBuildFile; fileRef = FC3339CD29E2C8F2000C6C95 /* NarationThreeView.swift */; };
		FC3339D029E2CEB4000C6C95 /* NarationFour.swift in Sources */ = {isa = PBXBuildFile; fileRef = FC3339CF29E2CEB4000C6C95 /* NarationFour.swift */; };
		FC3339D229E2CF55000C6C95 /* NarationFourView.swift in Sources */ = {isa = PBXBuildFile; fileRef = FC3339D129E2CF55000C6C95 /* NarationFourView.swift */; };
		FC3339D429E2D0DA000C6C95 /* NarationFive.swift in Sources */ = {isa = PBXBuildFile; fileRef = FC3339D329E2D0DA000C6C95 /* NarationFive.swift */; };
		FC3339D629E2D138000C6C95 /* NarationFiveView.swift in Sources */ = {isa = PBXBuildFile; fileRef = FC3339D529E2D138000C6C95 /* NarationFiveView.swift */; };
		FC3339D829E2DC2F000C6C95 /* NarationSix.swift in Sources */ = {isa = PBXBuildFile; fileRef = FC3339D729E2DC2F000C6C95 /* NarationSix.swift */; };
		FC3339DA29E2DC70000C6C95 /* NarationSixView.swift in Sources */ = {isa = PBXBuildFile; fileRef = FC3339D929E2DC70000C6C95 /* NarationSixView.swift */; };
		FC3339DC29E2DD19000C6C95 /* NarationSeven.swift in Sources */ = {isa = PBXBuildFile; fileRef = FC3339DB29E2DD19000C6C95 /* NarationSeven.swift */; };
		FC3339DE29E2DD40000C6C95 /* NarationSevenView.swift in Sources */ = {isa = PBXBuildFile; fileRef = FC3339DD29E2DD40000C6C95 /* NarationSevenView.swift */; };
		FC97385229DD49AA0092D89B /* AboutView.swift in Sources */ = {isa = PBXBuildFile; fileRef = FC97385129DD49AA0092D89B /* AboutView.swift */; };
		FC97385429DD50DC0092D89B /* PopUpResetView.swift in Sources */ = {isa = PBXBuildFile; fileRef = FC97385329DD50DC0092D89B /* PopUpResetView.swift */; };
		FCEB33E729DAADEE002045B1 /* MC1AppApp.swift in Sources */ = {isa = PBXBuildFile; fileRef = FCEB33E629DAADEE002045B1 /* MC1AppApp.swift */; };
		FCEB33EB29DAADEF002045B1 /* Assets.xcassets in Resources */ = {isa = PBXBuildFile; fileRef = FCEB33EA29DAADEF002045B1 /* Assets.xcassets */; };
		FCEB33EE29DAADEF002045B1 /* Preview Assets.xcassets in Resources */ = {isa = PBXBuildFile; fileRef = FCEB33ED29DAADEF002045B1 /* Preview Assets.xcassets */; };
		FCEB340429DAB50C002045B1 /* HomeView.swift in Sources */ = {isa = PBXBuildFile; fileRef = FCEB340329DAB50C002045B1 /* HomeView.swift */; };
		FCEB341529DBA8A3002045B1 /* SettingView.swift in Sources */ = {isa = PBXBuildFile; fileRef = FCEB341429DBA8A3002045B1 /* SettingView.swift */; };
		FCEB341729DBD7E5002045B1 /* ProfileView.swift in Sources */ = {isa = PBXBuildFile; fileRef = FCEB341629DBD7E5002045B1 /* ProfileView.swift */; };
		FCEB341929DBD7F0002045B1 /* GalleryView.swift in Sources */ = {isa = PBXBuildFile; fileRef = FCEB341829DBD7F0002045B1 /* GalleryView.swift */; };
		FCEB341B29DBEE41002045B1 /* GameView.swift in Sources */ = {isa = PBXBuildFile; fileRef = FCEB341A29DBEE41002045B1 /* GameView.swift */; };
/* End PBXBuildFile section */

/* Begin PBXFileReference section */
		FC3339BD29DE574F000C6C95 /* InputCharacterDetailsView.swift */ = {isa = PBXFileReference; lastKnownFileType = sourcecode.swift; path = InputCharacterDetailsView.swift; sourceTree = "<group>"; };
		FC3339BF29DEBA2A000C6C95 /* Naration.swift */ = {isa = PBXFileReference; lastKnownFileType = sourcecode.swift; path = Naration.swift; sourceTree = "<group>"; };
		FC3339C529E2B96D000C6C95 /* GameViewTwo_Monologue.swift */ = {isa = PBXFileReference; lastKnownFileType = sourcecode.swift; path = GameViewTwo_Monologue.swift; sourceTree = "<group>"; };
		FC3339C729E2B982000C6C95 /* NarationTwo_Monologue.swift */ = {isa = PBXFileReference; lastKnownFileType = sourcecode.swift; path = NarationTwo_Monologue.swift; sourceTree = "<group>"; };
		FC3339CB29E2C886000C6C95 /* NarationThree.swift */ = {isa = PBXFileReference; lastKnownFileType = sourcecode.swift; path = NarationThree.swift; sourceTree = "<group>"; };
		FC3339CD29E2C8F2000C6C95 /* NarationThreeView.swift */ = {isa = PBXFileReference; lastKnownFileType = sourcecode.swift; path = NarationThreeView.swift; sourceTree = "<group>"; };
		FC3339CF29E2CEB4000C6C95 /* NarationFour.swift */ = {isa = PBXFileReference; lastKnownFileType = sourcecode.swift; path = NarationFour.swift; sourceTree = "<group>"; };
		FC3339D129E2CF55000C6C95 /* NarationFourView.swift */ = {isa = PBXFileReference; lastKnownFileType = sourcecode.swift; path = NarationFourView.swift; sourceTree = "<group>"; };
		FC3339D329E2D0DA000C6C95 /* NarationFive.swift */ = {isa = PBXFileReference; lastKnownFileType = sourcecode.swift; path = NarationFive.swift; sourceTree = "<group>"; };
		FC3339D529E2D138000C6C95 /* NarationFiveView.swift */ = {isa = PBXFileReference; lastKnownFileType = sourcecode.swift; path = NarationFiveView.swift; sourceTree = "<group>"; };
		FC3339D729E2DC2F000C6C95 /* NarationSix.swift */ = {isa = PBXFileReference; lastKnownFileType = sourcecode.swift; path = NarationSix.swift; sourceTree = "<group>"; };
		FC3339D929E2DC70000C6C95 /* NarationSixView.swift */ = {isa = PBXFileReference; lastKnownFileType = sourcecode.swift; path = NarationSixView.swift; sourceTree = "<group>"; };
		FC3339DB29E2DD19000C6C95 /* NarationSeven.swift */ = {isa = PBXFileReference; lastKnownFileType = sourcecode.swift; path = NarationSeven.swift; sourceTree = "<group>"; };
		FC3339DD29E2DD40000C6C95 /* NarationSevenView.swift */ = {isa = PBXFileReference; lastKnownFileType = sourcecode.swift; path = NarationSevenView.swift; sourceTree = "<group>"; };
		FC97385129DD49AA0092D89B /* AboutView.swift */ = {isa = PBXFileReference; lastKnownFileType = sourcecode.swift; path = AboutView.swift; sourceTree = "<group>"; };
		FC97385329DD50DC0092D89B /* PopUpResetView.swift */ = {isa = PBXFileReference; lastKnownFileType = sourcecode.swift; path = PopUpResetView.swift; sourceTree = "<group>"; };
		FCEB33E329DAADEE002045B1 /* MC1App.app */ = {isa = PBXFileReference; explicitFileType = wrapper.application; includeInIndex = 0; path = MC1App.app; sourceTree = BUILT_PRODUCTS_DIR; };
		FCEB33E629DAADEE002045B1 /* MC1AppApp.swift */ = {isa = PBXFileReference; lastKnownFileType = sourcecode.swift; path = MC1AppApp.swift; sourceTree = "<group>"; };
		FCEB33EA29DAADEF002045B1 /* Assets.xcassets */ = {isa = PBXFileReference; lastKnownFileType = folder.assetcatalog; path = Assets.xcassets; sourceTree = "<group>"; };
		FCEB33ED29DAADEF002045B1 /* Preview Assets.xcassets */ = {isa = PBXFileReference; lastKnownFileType = folder.assetcatalog; path = "Preview Assets.xcassets"; sourceTree = "<group>"; };
		FCEB340329DAB50C002045B1 /* HomeView.swift */ = {isa = PBXFileReference; lastKnownFileType = sourcecode.swift; path = HomeView.swift; sourceTree = "<group>"; };
		FCEB341429DBA8A3002045B1 /* SettingView.swift */ = {isa = PBXFileReference; lastKnownFileType = sourcecode.swift; path = SettingView.swift; sourceTree = "<group>"; };
		FCEB341629DBD7E5002045B1 /* ProfileView.swift */ = {isa = PBXFileReference; lastKnownFileType = sourcecode.swift; path = ProfileView.swift; sourceTree = "<group>"; };
		FCEB341829DBD7F0002045B1 /* GalleryView.swift */ = {isa = PBXFileReference; lastKnownFileType = sourcecode.swift; path = GalleryView.swift; sourceTree = "<group>"; };
		FCEB341A29DBEE41002045B1 /* GameView.swift */ = {isa = PBXFileReference; lastKnownFileType = sourcecode.swift; path = GameView.swift; sourceTree = "<group>"; };
/* End PBXFileReference section */

/* Begin PBXFrameworksBuildPhase section */
		FCEB33E029DAADEE002045B1 /* Frameworks */ = {
			isa = PBXFrameworksBuildPhase;
			buildActionMask = 2147483647;
			files = (
			);
			runOnlyForDeploymentPostprocessing = 0;
		};
/* End PBXFrameworksBuildPhase section */

/* Begin PBXGroup section */
		FC3339C329E2B8FD000C6C95 /* Prologue View */ = {
			isa = PBXGroup;
			children = (
				FCEB341A29DBEE41002045B1 /* GameView.swift */,
				FC3339C529E2B96D000C6C95 /* GameViewTwo_Monologue.swift */,
				FC3339CD29E2C8F2000C6C95 /* NarationThreeView.swift */,
				FC3339D129E2CF55000C6C95 /* NarationFourView.swift */,
				FC3339D529E2D138000C6C95 /* NarationFiveView.swift */,
				FC3339D929E2DC70000C6C95 /* NarationSixView.swift */,
				FC3339DD29E2DD40000C6C95 /* NarationSevenView.swift */,
			);
			path = "Prologue View";
			sourceTree = "<group>";
		};
		FC3339C429E2B913000C6C95 /* Prologue Naration */ = {
			isa = PBXGroup;
			children = (
				FC3339BF29DEBA2A000C6C95 /* Naration.swift */,
				FC3339C729E2B982000C6C95 /* NarationTwo_Monologue.swift */,
				FC3339CB29E2C886000C6C95 /* NarationThree.swift */,
				FC3339CF29E2CEB4000C6C95 /* NarationFour.swift */,
				FC3339D329E2D0DA000C6C95 /* NarationFive.swift */,
				FC3339D729E2DC2F000C6C95 /* NarationSix.swift */,
				FC3339DB29E2DD19000C6C95 /* NarationSeven.swift */,
			);
			path = "Prologue Naration";
			sourceTree = "<group>";
		};
		FCEB33DA29DAADEE002045B1 = {
			isa = PBXGroup;
			children = (
				FCEB33E529DAADEE002045B1 /* MC1App */,
				FCEB33E429DAADEE002045B1 /* Products */,
			);
			sourceTree = "<group>";
		};
		FCEB33E429DAADEE002045B1 /* Products */ = {
			isa = PBXGroup;
			children = (
				FCEB33E329DAADEE002045B1 /* MC1App.app */,
			);
			name = Products;
			sourceTree = "<group>";
		};
		FCEB33E529DAADEE002045B1 /* MC1App */ = {
			isa = PBXGroup;
			children = (
				FCEB33E629DAADEE002045B1 /* MC1AppApp.swift */,
				FCEB340329DAB50C002045B1 /* HomeView.swift */,
				FC3339BD29DE574F000C6C95 /* InputCharacterDetailsView.swift */,
				FCEB341429DBA8A3002045B1 /* SettingView.swift */,
				FC97385129DD49AA0092D89B /* AboutView.swift */,
				FCEB341629DBD7E5002045B1 /* ProfileView.swift */,
				FCEB341829DBD7F0002045B1 /* GalleryView.swift */,
				FC97385329DD50DC0092D89B /* PopUpResetView.swift */,
				FC3339C429E2B913000C6C95 /* Prologue Naration */,
				FC3339C329E2B8FD000C6C95 /* Prologue View */,
				FCEB33EA29DAADEF002045B1 /* Assets.xcassets */,
				FCEB33EC29DAADEF002045B1 /* Preview Content */,
			);
			path = MC1App;
			sourceTree = "<group>";
		};
		FCEB33EC29DAADEF002045B1 /* Preview Content */ = {
			isa = PBXGroup;
			children = (
				FCEB33ED29DAADEF002045B1 /* Preview Assets.xcassets */,
			);
			path = "Preview Content";
			sourceTree = "<group>";
		};
/* End PBXGroup section */

/* Begin PBXNativeTarget section */
		FCEB33E229DAADEE002045B1 /* MC1App */ = {
			isa = PBXNativeTarget;
			buildConfigurationList = FCEB33F129DAADEF002045B1 /* Build configuration list for PBXNativeTarget "MC1App" */;
			buildPhases = (
				FCEB33DF29DAADEE002045B1 /* Sources */,
				FCEB33E029DAADEE002045B1 /* Frameworks */,
				FCEB33E129DAADEE002045B1 /* Resources */,
			);
			buildRules = (
			);
			dependencies = (
			);
			name = MC1App;
			productName = MC1App;
			productReference = FCEB33E329DAADEE002045B1 /* MC1App.app */;
			productType = "com.apple.product-type.application";
		};
/* End PBXNativeTarget section */

/* Begin PBXProject section */
		FCEB33DB29DAADEE002045B1 /* Project object */ = {
			isa = PBXProject;
			attributes = {
				BuildIndependentTargetsInParallel = 1;
				LastSwiftUpdateCheck = 1430;
				LastUpgradeCheck = 1430;
				TargetAttributes = {
					FCEB33E229DAADEE002045B1 = {
						CreatedOnToolsVersion = 14.3;
					};
				};
			};
			buildConfigurationList = FCEB33DE29DAADEE002045B1 /* Build configuration list for PBXProject "MC1App" */;
			compatibilityVersion = "Xcode 14.0";
			developmentRegion = en;
			hasScannedForEncodings = 0;
			knownRegions = (
				en,
				Base,
			);
			mainGroup = FCEB33DA29DAADEE002045B1;
			productRefGroup = FCEB33E429DAADEE002045B1 /* Products */;
			projectDirPath = "";
			projectRoot = "";
			targets = (
				FCEB33E229DAADEE002045B1 /* MC1App */,
			);
		};
/* End PBXProject section */

/* Begin PBXResourcesBuildPhase section */
		FCEB33E129DAADEE002045B1 /* Resources */ = {
			isa = PBXResourcesBuildPhase;
			buildActionMask = 2147483647;
			files = (
				FCEB33EE29DAADEF002045B1 /* Preview Assets.xcassets in Resources */,
				FCEB33EB29DAADEF002045B1 /* Assets.xcassets in Resources */,
			);
			runOnlyForDeploymentPostprocessing = 0;
		};
/* End PBXResourcesBuildPhase section */

/* Begin PBXSourcesBuildPhase section */
		FCEB33DF29DAADEE002045B1 /* Sources */ = {
			isa = PBXSourcesBuildPhase;
			buildActionMask = 2147483647;
			files = (
				FC3339DE29E2DD40000C6C95 /* NarationSevenView.swift in Sources */,
				FC3339DC29E2DD19000C6C95 /* NarationSeven.swift in Sources */,
				FC3339C829E2B982000C6C95 /* NarationTwo_Monologue.swift in Sources */,
				FCEB341729DBD7E5002045B1 /* ProfileView.swift in Sources */,
				FC3339D829E2DC2F000C6C95 /* NarationSix.swift in Sources */,
				FC97385429DD50DC0092D89B /* PopUpResetView.swift in Sources */,
				FC3339CC29E2C886000C6C95 /* NarationThree.swift in Sources */,
				FC3339D229E2CF55000C6C95 /* NarationFourView.swift in Sources */,
				FC3339D429E2D0DA000C6C95 /* NarationFive.swift in Sources */,
				FC97385229DD49AA0092D89B /* AboutView.swift in Sources */,
				FCEB341529DBA8A3002045B1 /* SettingView.swift in Sources */,
				FC3339C629E2B96D000C6C95 /* GameViewTwo_Monologue.swift in Sources */,
				FCEB340429DAB50C002045B1 /* HomeView.swift in Sources */,
				FC3339DA29E2DC70000C6C95 /* NarationSixView.swift in Sources */,
				FC3339C029DEBA2A000C6C95 /* Naration.swift in Sources */,
				FCEB33E729DAADEE002045B1 /* MC1AppApp.swift in Sources */,
				FC3339D629E2D138000C6C95 /* NarationFiveView.swift in Sources */,
				FC3339D029E2CEB4000C6C95 /* NarationFour.swift in Sources */,
				FCEB341B29DBEE41002045B1 /* GameView.swift in Sources */,
				FC3339CE29E2C8F2000C6C95 /* NarationThreeView.swift in Sources */,
				FC3339BE29DE574F000C6C95 /* InputCharacterDetailsView.swift in Sources */,
				FCEB341929DBD7F0002045B1 /* GalleryView.swift in Sources */,
			);
			runOnlyForDeploymentPostprocessing = 0;
		};
/* End PBXSourcesBuildPhase section */

/* Begin XCBuildConfiguration section */
		FCEB33EF29DAADEF002045B1 /* Debug */ = {
			isa = XCBuildConfiguration;
			buildSettings = {
				ALWAYS_SEARCH_USER_PATHS = NO;
				CLANG_ANALYZER_NONNULL = YES;
				CLANG_ANALYZER_NUMBER_OBJECT_CONVERSION = YES_AGGRESSIVE;
				CLANG_CXX_LANGUAGE_STANDARD = "gnu++20";
				CLANG_ENABLE_MODULES = YES;
				CLANG_ENABLE_OBJC_ARC = YES;
				CLANG_ENABLE_OBJC_WEAK = YES;
				CLANG_WARN_BLOCK_CAPTURE_AUTORELEASING = YES;
				CLANG_WARN_BOOL_CONVERSION = YES;
				CLANG_WARN_COMMA = YES;
				CLANG_WARN_CONSTANT_CONVERSION = YES;
				CLANG_WARN_DEPRECATED_OBJC_IMPLEMENTATIONS = YES;
				CLANG_WARN_DIRECT_OBJC_ISA_USAGE = YES_ERROR;
				CLANG_WARN_DOCUMENTATION_COMMENTS = YES;
				CLANG_WARN_EMPTY_BODY = YES;
				CLANG_WARN_ENUM_CONVERSION = YES;
				CLANG_WARN_INFINITE_RECURSION = YES;
				CLANG_WARN_INT_CONVERSION = YES;
				CLANG_WARN_NON_LITERAL_NULL_CONVERSION = YES;
				CLANG_WARN_OBJC_IMPLICIT_RETAIN_SELF = YES;
				CLANG_WARN_OBJC_LITERAL_CONVERSION = YES;
				CLANG_WARN_OBJC_ROOT_CLASS = YES_ERROR;
				CLANG_WARN_QUOTED_INCLUDE_IN_FRAMEWORK_HEADER = YES;
				CLANG_WARN_RANGE_LOOP_ANALYSIS = YES;
				CLANG_WARN_STRICT_PROTOTYPES = YES;
				CLANG_WARN_SUSPICIOUS_MOVE = YES;
				CLANG_WARN_UNGUARDED_AVAILABILITY = YES_AGGRESSIVE;
				CLANG_WARN_UNREACHABLE_CODE = YES;
				CLANG_WARN__DUPLICATE_METHOD_MATCH = YES;
				COPY_PHASE_STRIP = NO;
				DEBUG_INFORMATION_FORMAT = dwarf;
				ENABLE_STRICT_OBJC_MSGSEND = YES;
				ENABLE_TESTABILITY = YES;
				GCC_C_LANGUAGE_STANDARD = gnu11;
				GCC_DYNAMIC_NO_PIC = NO;
				GCC_NO_COMMON_BLOCKS = YES;
				GCC_OPTIMIZATION_LEVEL = 0;
				GCC_PREPROCESSOR_DEFINITIONS = (
					"DEBUG=1",
					"$(inherited)",
				);
				GCC_WARN_64_TO_32_BIT_CONVERSION = YES;
				GCC_WARN_ABOUT_RETURN_TYPE = YES_ERROR;
				GCC_WARN_UNDECLARED_SELECTOR = YES;
				GCC_WARN_UNINITIALIZED_AUTOS = YES_AGGRESSIVE;
				GCC_WARN_UNUSED_FUNCTION = YES;
				GCC_WARN_UNUSED_VARIABLE = YES;
				IPHONEOS_DEPLOYMENT_TARGET = 16.4;
				MTL_ENABLE_DEBUG_INFO = INCLUDE_SOURCE;
				MTL_FAST_MATH = YES;
				ONLY_ACTIVE_ARCH = YES;
				SDKROOT = iphoneos;
				SWIFT_ACTIVE_COMPILATION_CONDITIONS = DEBUG;
				SWIFT_OPTIMIZATION_LEVEL = "-Onone";
			};
			name = Debug;
		};
		FCEB33F029DAADEF002045B1 /* Release */ = {
			isa = XCBuildConfiguration;
			buildSettings = {
				ALWAYS_SEARCH_USER_PATHS = NO;
				CLANG_ANALYZER_NONNULL = YES;
				CLANG_ANALYZER_NUMBER_OBJECT_CONVERSION = YES_AGGRESSIVE;
				CLANG_CXX_LANGUAGE_STANDARD = "gnu++20";
				CLANG_ENABLE_MODULES = YES;
				CLANG_ENABLE_OBJC_ARC = YES;
				CLANG_ENABLE_OBJC_WEAK = YES;
				CLANG_WARN_BLOCK_CAPTURE_AUTORELEASING = YES;
				CLANG_WARN_BOOL_CONVERSION = YES;
				CLANG_WARN_COMMA = YES;
				CLANG_WARN_CONSTANT_CONVERSION = YES;
				CLANG_WARN_DEPRECATED_OBJC_IMPLEMENTATIONS = YES;
				CLANG_WARN_DIRECT_OBJC_ISA_USAGE = YES_ERROR;
				CLANG_WARN_DOCUMENTATION_COMMENTS = YES;
				CLANG_WARN_EMPTY_BODY = YES;
				CLANG_WARN_ENUM_CONVERSION = YES;
				CLANG_WARN_INFINITE_RECURSION = YES;
				CLANG_WARN_INT_CONVERSION = YES;
				CLANG_WARN_NON_LITERAL_NULL_CONVERSION = YES;
				CLANG_WARN_OBJC_IMPLICIT_RETAIN_SELF = YES;
				CLANG_WARN_OBJC_LITERAL_CONVERSION = YES;
				CLANG_WARN_OBJC_ROOT_CLASS = YES_ERROR;
				CLANG_WARN_QUOTED_INCLUDE_IN_FRAMEWORK_HEADER = YES;
				CLANG_WARN_RANGE_LOOP_ANALYSIS = YES;
				CLANG_WARN_STRICT_PROTOTYPES = YES;
				CLANG_WARN_SUSPICIOUS_MOVE = YES;
				CLANG_WARN_UNGUARDED_AVAILABILITY = YES_AGGRESSIVE;
				CLANG_WARN_UNREACHABLE_CODE = YES;
				CLANG_WARN__DUPLICATE_METHOD_MATCH = YES;
				COPY_PHASE_STRIP = NO;
				DEBUG_INFORMATION_FORMAT = "dwarf-with-dsym";
				ENABLE_NS_ASSERTIONS = NO;
				ENABLE_STRICT_OBJC_MSGSEND = YES;
				GCC_C_LANGUAGE_STANDARD = gnu11;
				GCC_NO_COMMON_BLOCKS = YES;
				GCC_WARN_64_TO_32_BIT_CONVERSION = YES;
				GCC_WARN_ABOUT_RETURN_TYPE = YES_ERROR;
				GCC_WARN_UNDECLARED_SELECTOR = YES;
				GCC_WARN_UNINITIALIZED_AUTOS = YES_AGGRESSIVE;
				GCC_WARN_UNUSED_FUNCTION = YES;
				GCC_WARN_UNUSED_VARIABLE = YES;
				IPHONEOS_DEPLOYMENT_TARGET = 16.4;
				MTL_ENABLE_DEBUG_INFO = NO;
				MTL_FAST_MATH = YES;
				SDKROOT = iphoneos;
				SWIFT_COMPILATION_MODE = wholemodule;
				SWIFT_OPTIMIZATION_LEVEL = "-O";
				VALIDATE_PRODUCT = YES;
			};
			name = Release;
		};
		FCEB33F229DAADEF002045B1 /* Debug */ = {
			isa = XCBuildConfiguration;
			buildSettings = {
				ASSETCATALOG_COMPILER_APPICON_NAME = AppIcon;
				ASSETCATALOG_COMPILER_GLOBAL_ACCENT_COLOR_NAME = AccentColor;
				CODE_SIGN_STYLE = Automatic;
				CURRENT_PROJECT_VERSION = 1;
				DEVELOPMENT_ASSET_PATHS = "\"MC1App/Preview Content\"";
				DEVELOPMENT_TEAM = X936JFD293;
				ENABLE_PREVIEWS = YES;
				GENERATE_INFOPLIST_FILE = YES;
				INFOPLIST_KEY_UIApplicationSceneManifest_Generation = YES;
				INFOPLIST_KEY_UIApplicationSupportsIndirectInputEvents = YES;
				INFOPLIST_KEY_UILaunchScreen_Generation = YES;
				INFOPLIST_KEY_UISupportedInterfaceOrientations_iPad = "UIInterfaceOrientationPortrait UIInterfaceOrientationPortraitUpsideDown UIInterfaceOrientationLandscapeLeft UIInterfaceOrientationLandscapeRight";
				INFOPLIST_KEY_UISupportedInterfaceOrientations_iPhone = "UIInterfaceOrientationPortrait UIInterfaceOrientationLandscapeLeft UIInterfaceOrientationLandscapeRight";
				LD_RUNPATH_SEARCH_PATHS = (
					"$(inherited)",
					"@executable_path/Frameworks",
				);
				MARKETING_VERSION = 1.0;
				PRODUCT_BUNDLE_IDENTIFIER = Michael.MC1App;
				PRODUCT_NAME = "$(TARGET_NAME)";
				SWIFT_EMIT_LOC_STRINGS = YES;
				SWIFT_VERSION = 5.0;
				TARGETED_DEVICE_FAMILY = "1,2";
			};
			name = Debug;
		};
		FCEB33F329DAADEF002045B1 /* Release */ = {
			isa = XCBuildConfiguration;
			buildSettings = {
				ASSETCATALOG_COMPILER_APPICON_NAME = AppIcon;
				ASSETCATALOG_COMPILER_GLOBAL_ACCENT_COLOR_NAME = AccentColor;
				CODE_SIGN_STYLE = Automatic;
				CURRENT_PROJECT_VERSION = 1;
				DEVELOPMENT_ASSET_PATHS = "\"MC1App/Preview Content\"";
				DEVELOPMENT_TEAM = X936JFD293;
				ENABLE_PREVIEWS = YES;
				GENERATE_INFOPLIST_FILE = YES;
				INFOPLIST_KEY_UIApplicationSceneManifest_Generation = YES;
				INFOPLIST_KEY_UIApplicationSupportsIndirectInputEvents = YES;
				INFOPLIST_KEY_UILaunchScreen_Generation = YES;
				INFOPLIST_KEY_UISupportedInterfaceOrientations_iPad = "UIInterfaceOrientationPortrait UIInterfaceOrientationPortraitUpsideDown UIInterfaceOrientationLandscapeLeft UIInterfaceOrientationLandscapeRight";
				INFOPLIST_KEY_UISupportedInterfaceOrientations_iPhone = "UIInterfaceOrientationPortrait UIInterfaceOrientationLandscapeLeft UIInterfaceOrientationLandscapeRight";
				LD_RUNPATH_SEARCH_PATHS = (
					"$(inherited)",
					"@executable_path/Frameworks",
				);
				MARKETING_VERSION = 1.0;
				PRODUCT_BUNDLE_IDENTIFIER = Michael.MC1App;
				PRODUCT_NAME = "$(TARGET_NAME)";
				SWIFT_EMIT_LOC_STRINGS = YES;
				SWIFT_VERSION = 5.0;
				TARGETED_DEVICE_FAMILY = "1,2";
			};
			name = Release;
		};
/* End XCBuildConfiguration section */

/* Begin XCConfigurationList section */
		FCEB33DE29DAADEE002045B1 /* Build configuration list for PBXProject "MC1App" */ = {
			isa = XCConfigurationList;
			buildConfigurations = (
				FCEB33EF29DAADEF002045B1 /* Debug */,
				FCEB33F029DAADEF002045B1 /* Release */,
			);
			defaultConfigurationIsVisible = 0;
			defaultConfigurationName = Release;
		};
		FCEB33F129DAADEF002045B1 /* Build configuration list for PBXNativeTarget "MC1App" */ = {
			isa = XCConfigurationList;
			buildConfigurations = (
				FCEB33F229DAADEF002045B1 /* Debug */,
				FCEB33F329DAADEF002045B1 /* Release */,
			);
			defaultConfigurationIsVisible = 0;
			defaultConfigurationName = Release;
		};
/* End XCConfigurationList section */
	};
	rootObject = FCEB33DB29DAADEE002045B1 /* Project object */;
}
